
Microsoft Visual Studio Solution File, Format Version 12.00
# Visual Studio Version 17
VisualStudioVersion = 17.8.34330.188
MinimumVisualStudioVersion = 10.0.40219.1
Project("{FAE04EC0-301F-11D3-BF4B-00C04F79EFBC}") = "Personal_Information_System", "Personal_Information_System\Personal_Information_System.csproj", "{40A689B2-BD32-4078-82C3-7B071CEBA9C4}"
EndProject
Global
	GlobalSection(SolutionConfigurationPlatforms) = preSolution
		Debug|Any CPU = Debug|Any CPU
		Release|Any CPU = Release|Any CPU
	EndGlobalSection
	GlobalSection(ProjectConfigurationPlatforms) = postSolution
		{40A689B2-BD32-4078-82C3-7B071CEBA9C4}.Debug|Any CPU.ActiveCfg = Debug|Any CPU
		{40A689B2-BD32-4078-82C3-7B071CEBA9C4}.Debug|Any CPU.Build.0 = Debug|Any CPU
		{40A689B2-BD32-4078-82C3-7B071CEBA9C4}.Release|Any CPU.ActiveCfg = Release|Any CPU
		{40A689B2-BD32-4078-82C3-7B071CEBA9C4}.Release|Any CPU.Build.0 = Release|Any CPU
	EndGlobalSection
	GlobalSection(SolutionProperties) = preSolution
		HideSolutionNode = FALSE
	EndGlobalSection
	GlobalSection(ExtensibilityGlobals) = postSolution
		SolutionGuid = {9F423450-1F0C-4E9B-955A-0390CADEE8C1}
	EndGlobalSection
EndGlobal
